<?xml version="1.0" encoding="utf-8"?>
<Project ToolsVersion="4.0" xmlns="http://schemas.microsoft.com/developer/msbuild/2003">
  <ItemGroup>
    <Filter Include="Source Files">
      <UniqueIdentifier>{4FC737F1-C7A5-4376-A066-2A32D752A2FF}</UniqueIdentifier>
      <Extensions>cpp;c;cc;cxx;def;odl;idl;hpj;bat;asm;asmx</Extensions>
    </Filter>
    <Filter Include="Header Files">
      <UniqueIdentifier>{93995380-89BD-4b04-88EB-625FBE52EBFB}</UniqueIdentifier>
      <Extensions>h;hpp;hxx;hm;inl;inc;xsd</Extensions>
    </Filter>
    <Filter Include="Resource Files">
      <UniqueIdentifier>{67DA6AB6-F800-4c08-8B7A-83BB121AAD01}</UniqueIdentifier>
      <Extensions>rc;ico;cur;bmp;dlg;rc2;rct;bin;rgs;gif;jpg;jpeg;jpe;resx;tiff;tif;png;wav</Extensions>
    </Filter>
    <Filter Include="GridCtrl">
      <UniqueIdentifier>{910b9f37-2192-4440-89b6-5b64ae0f6294}</UniqueIdentifier>
    </Filter>
    <Filter Include="Log">
      <UniqueIdentifier>{6b21c3aa-9db1-4b6e-ba3e-0b21db615053}</UniqueIdentifier>
    </Filter>
    <Filter Include="Definition">
      <UniqueIdentifier>{5c5dec7d-6175-4b1e-8914-220198062836}</UniqueIdentifier>
    </Filter>
  </ItemGroup>
  <ItemGroup>
    <ClCompile Include="Common.cpp">
      <Filter>Source Files</Filter>
    </ClCompile>
    <ClCompile Include="CommonFunc.cpp">
      <Filter>Source Files</Filter>
    </ClCompile>
    <ClCompile Include="ExceptionLog.cpp">
      <Filter>Source Files</Filter>
    </ClCompile>
    <ClCompile Include="MaintenanceInfo.cpp">
      <Filter>Source Files</Filter>
    </ClCompile>
    <ClCompile Include="stdafx.cpp">
      <Filter>Source Files</Filter>
    </ClCompile>
    <ClCompile Include="TicketName.cpp">
      <Filter>Source Files</Filter>
    </ClCompile>
    <ClCompile Include="SysInfo.cpp">
      <Filter>Source Files</Filter>
    </ClCompile>
    <ClCompile Include="TVMInfo.cpp">
      <Filter>Source Files</Filter>
    </ClCompile>
    <ClCompile Include="ESInfo.cpp">
      <Filter>Source Files</Filter>
    </ClCompile>
    <ClCompile Include="AGMInfo.cpp">
      <Filter>Source Files</Filter>
    </ClCompile>
    <ClCompile Include="BOMInfo.cpp">
      <Filter>Source Files</Filter>
    </ClCompile>
    <ClCompile Include="GridCell.cpp">
      <Filter>GridCtrl</Filter>
    </ClCompile>
    <ClCompile Include="GridCellBase.cpp">
      <Filter>GridCtrl</Filter>
    </ClCompile>
    <ClCompile Include="GridCellCheck.cpp">
      <Filter>GridCtrl</Filter>
    </ClCompile>
    <ClCompile Include="GridCellCombo.cpp">
      <Filter>GridCtrl</Filter>
    </ClCompile>
    <ClCompile Include="GridCellDateTime.cpp">
      <Filter>GridCtrl</Filter>
    </ClCompile>
    <ClCompile Include="GridCellNumeric.cpp">
      <Filter>GridCtrl</Filter>
    </ClCompile>
    <ClCompile Include="GridCtrl.cpp">
      <Filter>GridCtrl</Filter>
    </ClCompile>
    <ClCompile Include="GridDropTarget.cpp">
      <Filter>GridCtrl</Filter>
    </ClCompile>
    <ClCompile Include="GridURLCell.cpp">
      <Filter>GridCtrl</Filter>
    </ClCompile>
    <ClCompile Include="InPlaceEdit.cpp">
      <Filter>GridCtrl</Filter>
    </ClCompile>
    <ClCompile Include="TitleTip.cpp">
      <Filter>GridCtrl</Filter>
    </ClCompile>
    <ClCompile Include="CLOGLoginAndLogoff.cpp">
      <Filter>Log</Filter>
    </ClCompile>
    <ClCompile Include="CDiskException.cpp">
      <Filter>Source Files</Filter>
    </ClCompile>
    <ClCompile Include="Setting.cpp">
      <Filter>Source Files</Filter>
    </ClCompile>
    <ClCompile Include="TCMInfo.cpp">
      <Filter>Source Files</Filter>
    </ClCompile>
    <ClCompile Include="ResuceOperation.cpp">
      <Filter>Header Files</Filter>
    </ClCompile>
    <ClCompile Include="TvmSetting.cpp">
      <Filter>Header Files</Filter>
    </ClCompile>
  </ItemGroup>
  <ItemGroup>
    <None Include="Common.def">
      <Filter>Source Files</Filter>
    </None>
    <None Include="res\Common.rc2">
      <Filter>Resource Files</Filter>
    </None>
    <None Include="ReadMe.txt" />
  </ItemGroup>
  <ItemGroup>
    <ClInclude Include="CLOGLoginAndLogoff.h">
      <Filter>Log</Filter>
    </ClInclude>
    <ClInclude Include="CellRange.h">
      <Filter>GridCtrl</Filter>
    </ClInclude>
    <ClInclude Include="GridCell.h">
      <Filter>GridCtrl</Filter>
    </ClInclude>
    <ClInclude Include="GridCellBase.h">
      <Filter>GridCtrl</Filter>
    </ClInclude>
    <ClInclude Include="GridCellCheck.h">
      <Filter>GridCtrl</Filter>
    </ClInclude>
    <ClInclude Include="GridCellCombo.h">
      <Filter>GridCtrl</Filter>
    </ClInclude>
    <ClInclude Include="GridCellDateTime.h">
      <Filter>GridCtrl</Filter>
    </ClInclude>
    <ClInclude Include="GridCellNumeric.h">
      <Filter>GridCtrl</Filter>
    </ClInclude>
    <ClInclude Include="GridCtrl.h">
      <Filter>GridCtrl</Filter>
    </ClInclude>
    <ClInclude Include="GridDropTarget.h">
      <Filter>GridCtrl</Filter>
    </ClInclude>
    <ClInclude Include="GridURLCell.h">
      <Filter>GridCtrl</Filter>
    </ClInclude>
    <ClInclude Include="InPlaceEdit.h">
      <Filter>GridCtrl</Filter>
    </ClInclude>
    <ClInclude Include="MemDC.h">
      <Filter>GridCtrl</Filter>
    </ClInclude>
    <ClInclude Include="TitleTip.h">
      <Filter>GridCtrl</Filter>
    </ClInclude>
    <ClInclude Include="AGMInfo.h">
      <Filter>Header Files</Filter>
    </ClInclude>
    <ClInclude Include="BOMInfo.h">
      <Filter>Header Files</Filter>
    </ClInclude>
    <ClInclude Include="CDiskException.h">
      <Filter>Header Files</Filter>
    </ClInclude>
    <ClInclude Include="Common.h">
      <Filter>Header Files</Filter>
    </ClInclude>
    <ClInclude Include="CommonDefine.h">
      <Filter>Header Files</Filter>
    </ClInclude>
    <ClInclude Include="CommonExp.h">
      <Filter>Header Files</Filter>
    </ClInclude>
    <ClInclude Include="CommonFunc.h">
      <Filter>Header Files</Filter>
    </ClInclude>
    <ClInclude Include="ESInfo.h">
      <Filter>Header Files</Filter>
    </ClInclude>
    <ClInclude Include="ExceptionLog.h">
      <Filter>Header Files</Filter>
    </ClInclude>
    <ClInclude Include="MaintenanceInfo.h">
      <Filter>Header Files</Filter>
    </ClInclude>
    <ClInclude Include="Resource.h">
      <Filter>Header Files</Filter>
    </ClInclude>
    <ClInclude Include="stdafx.h">
      <Filter>Header Files</Filter>
    </ClInclude>
    <ClInclude Include="SysInfo.h">
      <Filter>Header Files</Filter>
    </ClInclude>
    <ClInclude Include="targetver.h">
      <Filter>Header Files</Filter>
    </ClInclude>
    <ClInclude Include="TicketName.h">
      <Filter>Header Files</Filter>
    </ClInclude>
    <ClInclude Include="TransportHelp.h">
      <Filter>Header Files</Filter>
    </ClInclude>
    <ClInclude Include="TVMInfo.h">
      <Filter>Header Files</Filter>
    </ClInclude>
    <ClInclude Include="CommonUIDefinition.h">
      <Filter>Definition</Filter>
    </ClInclude>
    <ClInclude Include="Setting.h">
      <Filter>Header Files</Filter>
    </ClInclude>
    <ClInclude Include="TCMInfo.h">
      <Filter>Header Files</Filter>
    </ClInclude>
    <ClInclude Include="ResuceOperation.h">
      <Filter>Header Files</Filter>
    </ClInclude>
    <ClInclude Include="TvmSetting.h">
      <Filter>Header Files</Filter>
    </ClInclude>
  </ItemGroup>
  <ItemGroup>
    <ResourceCompile Include="Common.rc">
      <Filter>Resource Files</Filter>
    </ResourceCompile>
  </ItemGroup>
</Project>