<?xml version="1.0" encoding="utf-8"?>
<Project ToolsVersion="4.0" xmlns="http://schemas.microsoft.com/developer/msbuild/2003">
  <ItemGroup>
    <Filter Include="Header Files">
      <UniqueIdentifier>{0fd501bc-7c34-4123-aabc-786cbf7914b3}</UniqueIdentifier>
    </Filter>
    <Filter Include="Resource Files">
      <UniqueIdentifier>{c59b113e-1e7e-42e3-9b22-072b2e78a74f}</UniqueIdentifier>
    </Filter>
    <Filter Include="Source Files">
      <UniqueIdentifier>{3055af24-41cf-4f10-93d7-b16e967af2c5}</UniqueIdentifier>
    </Filter>
  </ItemGroup>
  <ItemGroup>
    <ClCompile Include="CHLib.cpp">
      <Filter>Source Files</Filter>
    </ClCompile>
    <ClCompile Include="server.cpp">
      <Filter>Source Files</Filter>
    </ClCompile>
    <ClCompile Include="CHLog.cpp">
      <Filter>Source Files</Filter>
    </ClCompile>
    <ClCompile Include="htdl.cpp">
      <Filter>Source Files</Filter>
    </ClCompile>
    <ClCompile Include="mtxfunc.cpp">
      <Filter>Source Files</Filter>
    </ClCompile>
    <ClCompile Include="mtxtable.cpp">
      <Filter>Source Files</Filter>
    </ClCompile>
    <ClCompile Include="NamedPipeMgr.cpp">
      <Filter>Source Files</Filter>
    </ClCompile>
    <ClCompile Include="CHCommand.cpp" />
    <ClCompile Include="CHException.cpp" />
  </ItemGroup>
  <ItemGroup>
    <ClInclude Include="CHLib.h">
      <Filter>Header Files</Filter>
    </ClInclude>
    <ClInclude Include="CHLibExp.h">
      <Filter>Header Files</Filter>
    </ClInclude>
    <ClInclude Include="CHLog.h">
      <Filter>Header Files</Filter>
    </ClInclude>
    <ClInclude Include="csmim_def.h">
      <Filter>Header Files</Filter>
    </ClInclude>
    <ClInclude Include="htdl.h">
      <Filter>Header Files</Filter>
    </ClInclude>
    <ClInclude Include="NamedPipeMgr.h">
      <Filter>Header Files</Filter>
    </ClInclude>
    <ClInclude Include="Resource.h">
      <Filter>Header Files</Filter>
    </ClInclude>
    <ClInclude Include="common.h">
      <Filter>Header Files</Filter>
    </ClInclude>
    <ClInclude Include="CHCommand.h" />
    <ClInclude Include="CHException.h" />
    <ClInclude Include="stdafx.h" />
  </ItemGroup>
</Project>