<?xml version="1.0" encoding="utf-8"?>
<Project ToolsVersion="4.0" xmlns="http://schemas.microsoft.com/developer/msbuild/2003">
  <ItemGroup>
    <Filter Include="Source Files">
      <UniqueIdentifier>{4FC737F1-C7A5-4376-A066-2A32D752A2FF}</UniqueIdentifier>
      <Extensions>cpp;c;cc;cxx;def;odl;idl;hpj;bat;asm;asmx</Extensions>
    </Filter>
    <Filter Include="Header Files">
      <UniqueIdentifier>{93995380-89BD-4b04-88EB-625FBE52EBFB}</UniqueIdentifier>
      <Extensions>h;hpp;hxx;hm;inl;inc;xsd</Extensions>
    </Filter>
    <Filter Include="Resource Files">
      <UniqueIdentifier>{67DA6AB6-F800-4c08-8B7A-83BB121AAD01}</UniqueIdentifier>
      <Extensions>rc;ico;cur;bmp;dlg;rc2;rct;bin;rgs;gif;jpg;jpeg;jpe;resx;tiff;tif;png;wav</Extensions>
    </Filter>
    <Filter Include="Exception">
      <UniqueIdentifier>{c007b29b-cd33-420a-b875-ace28f26b694}</UniqueIdentifier>
    </Filter>
  </ItemGroup>
  <ItemGroup>
    <ClCompile Include="HeaderManager.cpp">
      <Filter>Source Files</Filter>
    </ClCompile>
    <ClCompile Include="SCClient.cpp">
      <Filter>Source Files</Filter>
    </ClCompile>
    <ClCompile Include="SCClientHelper.cpp">
      <Filter>Source Files</Filter>
    </ClCompile>
    <ClCompile Include="SCCommand.cpp">
      <Filter>Source Files</Filter>
    </ClCompile>
    <ClCompile Include="SCConnectRequest.cpp">
      <Filter>Source Files</Filter>
    </ClCompile>
    <ClCompile Include="SCConnectRequestReply.cpp">
      <Filter>Source Files</Filter>
    </ClCompile>
    <ClCompile Include="SCControl.cpp">
      <Filter>Source Files</Filter>
    </ClCompile>
    <ClCompile Include="SCDataMsg.cpp">
      <Filter>Source Files</Filter>
    </ClCompile>
    <ClCompile Include="SCDataMsgReply.cpp">
      <Filter>Source Files</Filter>
    </ClCompile>
    <ClCompile Include="SCEnquireLink.cpp">
      <Filter>Source Files</Filter>
    </ClCompile>
    <ClCompile Include="SCEnquireLinkReply.cpp">
      <Filter>Source Files</Filter>
    </ClCompile>
    <ClCompile Include="SCGenericAck.cpp">
      <Filter>Source Files</Filter>
    </ClCompile>
    <ClCompile Include="SCGenericNack.cpp">
      <Filter>Source Files</Filter>
    </ClCompile>
    <ClCompile Include="SCResponseCommand.cpp">
      <Filter>Source Files</Filter>
    </ClCompile>
    <ClCompile Include="SCSequence.cpp">
      <Filter>Source Files</Filter>
    </ClCompile>
    <ClCompile Include="SCSocket.cpp">
      <Filter>Source Files</Filter>
    </ClCompile>
    <ClCompile Include="stdafx.cpp">
      <Filter>Source Files</Filter>
    </ClCompile>
    <ClCompile Include="SCException.cpp">
      <Filter>Exception</Filter>
    </ClCompile>
  </ItemGroup>
  <ItemGroup>
    <None Include="SC.def">
      <Filter>Source Files</Filter>
    </None>
  </ItemGroup>
  <ItemGroup>
    <ClInclude Include="HeaderManager.h">
      <Filter>Header Files</Filter>
    </ClInclude>
    <ClInclude Include="SCAPI.h">
      <Filter>Header Files</Filter>
    </ClInclude>
    <ClInclude Include="SCClient.h">
      <Filter>Header Files</Filter>
    </ClInclude>
    <ClInclude Include="SCClientHelper.h">
      <Filter>Header Files</Filter>
    </ClInclude>
    <ClInclude Include="SCCommand.h">
      <Filter>Header Files</Filter>
    </ClInclude>
    <ClInclude Include="SCConnectRequest.h">
      <Filter>Header Files</Filter>
    </ClInclude>
    <ClInclude Include="SCConnectRequestReply.h">
      <Filter>Header Files</Filter>
    </ClInclude>
    <ClInclude Include="SCControl.h">
      <Filter>Header Files</Filter>
    </ClInclude>
    <ClInclude Include="SCDataMsg.h">
      <Filter>Header Files</Filter>
    </ClInclude>
    <ClInclude Include="SCDataMsgReply.h">
      <Filter>Header Files</Filter>
    </ClInclude>
    <ClInclude Include="SCEnquireLink.h">
      <Filter>Header Files</Filter>
    </ClInclude>
    <ClInclude Include="SCEnquireLinkReply.h">
      <Filter>Header Files</Filter>
    </ClInclude>
    <ClInclude Include="SCExp.h">
      <Filter>Header Files</Filter>
    </ClInclude>
    <ClInclude Include="SCGenericAck.h">
      <Filter>Header Files</Filter>
    </ClInclude>
    <ClInclude Include="SCGenericNack.h">
      <Filter>Header Files</Filter>
    </ClInclude>
    <ClInclude Include="SCResponseCommand.h">
      <Filter>Header Files</Filter>
    </ClInclude>
    <ClInclude Include="SCSequence.h">
      <Filter>Header Files</Filter>
    </ClInclude>
    <ClInclude Include="SCSocket.h">
      <Filter>Header Files</Filter>
    </ClInclude>
    <ClInclude Include="stdafx.h">
      <Filter>Header Files</Filter>
    </ClInclude>
    <ClInclude Include="targetver.h">
      <Filter>Header Files</Filter>
    </ClInclude>
    <ClInclude Include="SCException.h">
      <Filter>Exception</Filter>
    </ClInclude>
  </ItemGroup>
</Project>