<?xml version="1.0" encoding="utf-8"?>
<Project ToolsVersion="4.0" xmlns="http://schemas.microsoft.com/developer/msbuild/2003">
  <ItemGroup>
    <Filter Include="源文件">
      <UniqueIdentifier>{4FC737F1-C7A5-4376-A066-2A32D752A2FF}</UniqueIdentifier>
      <Extensions>cpp;c;cc;cxx;def;odl;idl;hpj;bat;asm;asmx</Extensions>
    </Filter>
    <Filter Include="头文件">
      <UniqueIdentifier>{93995380-89BD-4b04-88EB-625FBE52EBFB}</UniqueIdentifier>
      <Extensions>h;hpp;hxx;hm;inl;inc;xsd</Extensions>
    </Filter>
    <Filter Include="资源文件">
      <UniqueIdentifier>{67DA6AB6-F800-4c08-8B7A-83BB121AAD01}</UniqueIdentifier>
      <Extensions>rc;ico;cur;bmp;dlg;rc2;rct;bin;rgs;gif;jpg;jpeg;jpe;resx;tiff;tif;png;wav;mfcribbon-ms</Extensions>
    </Filter>
    <Filter Include="Exception">
      <UniqueIdentifier>{1efe898c-857a-4f70-9917-0729f012b924}</UniqueIdentifier>
    </Filter>
  </ItemGroup>
  <ItemGroup>
    <None Include="ReadMe.txt" />
    <None Include="TVMBRH.def">
      <Filter>源文件</Filter>
    </None>
    <None Include="res\TVMBRH.rc2">
      <Filter>资源文件</Filter>
    </None>
  </ItemGroup>
  <ItemGroup>
    <ClCompile Include="TVMBRH.cpp">
      <Filter>源文件</Filter>
    </ClCompile>
    <ClCompile Include="stdafx.cpp">
      <Filter>源文件</Filter>
    </ClCompile>
    <ClCompile Include="BRHMessage.cpp">
      <Filter>源文件</Filter>
    </ClCompile>
    <ClCompile Include="BRHException.cpp">
      <Filter>Exception</Filter>
    </ClCompile>
    <ClCompile Include="BRHHardwareException.cpp">
      <Filter>Exception</Filter>
    </ClCompile>
    <ClCompile Include="BRHControl.cpp">
      <Filter>源文件</Filter>
    </ClCompile>
  </ItemGroup>
  <ItemGroup>
    <ClInclude Include="TVMBRH.h">
      <Filter>头文件</Filter>
    </ClInclude>
    <ClInclude Include="stdafx.h">
      <Filter>头文件</Filter>
    </ClInclude>
    <ClInclude Include="targetver.h">
      <Filter>头文件</Filter>
    </ClInclude>
    <ClInclude Include="Resource.h">
      <Filter>头文件</Filter>
    </ClInclude>
    <ClInclude Include="BRHExp.h">
      <Filter>头文件</Filter>
    </ClInclude>
    <ClInclude Include="BRHMessage.h">
      <Filter>头文件</Filter>
    </ClInclude>
    <ClInclude Include="BRHdef.h">
      <Filter>头文件</Filter>
    </ClInclude>
    <ClInclude Include="BRHException.h">
      <Filter>Exception</Filter>
    </ClInclude>
    <ClInclude Include="BRHHardwareException.h">
      <Filter>Exception</Filter>
    </ClInclude>
    <ClInclude Include="BRHControl.h">
      <Filter>头文件</Filter>
    </ClInclude>
  </ItemGroup>
  <ItemGroup>
    <ResourceCompile Include="TVMBRH.rc">
      <Filter>资源文件</Filter>
    </ResourceCompile>
  </ItemGroup>
</Project>