<?xml version="1.0" encoding="utf-8"?>
<Project ToolsVersion="4.0" xmlns="http://schemas.microsoft.com/developer/msbuild/2003">
  <ItemGroup>
    <ClCompile Include="BH.cpp">
      <Filter>Source Files</Filter>
    </ClCompile>
    <ClCompile Include="BHAbortAction.cpp">
      <Filter>Source Files</Filter>
    </ClCompile>
    <ClCompile Include="BHClearTrans.cpp">
      <Filter>Source Files</Filter>
    </ClCompile>
    <ClCompile Include="BHClose.cpp">
      <Filter>Source Files</Filter>
    </ClCompile>
    <ClCompile Include="BHCollect.cpp">
      <Filter>Source Files</Filter>
    </ClCompile>
    <ClCompile Include="BHCom.cpp">
      <Filter>Source Files</Filter>
    </ClCompile>
    <ClCompile Include="BHCommand.cpp">
      <Filter>Source Files</Filter>
    </ClCompile>
    <ClCompile Include="BHConnect.cpp">
      <Filter>Source Files</Filter>
    </ClCompile>
    <ClCompile Include="BHException.cpp">
      <Filter>Source Files</Filter>
    </ClCompile>
    <ClCompile Include="BHGetBoxID.cpp">
      <Filter>Source Files</Filter>
    </ClCompile>
    <ClCompile Include="BHGetFaceValue.cpp">
      <Filter>Source Files</Filter>
    </ClCompile>
    <ClCompile Include="BHGetSts.cpp">
      <Filter>Source Files</Filter>
    </ClCompile>
    <ClCompile Include="BHGetVersion.cpp">
      <Filter>Source Files</Filter>
    </ClCompile>
    <ClCompile Include="BHHardwareException.cpp">
      <Filter>Source Files</Filter>
    </ClCompile>
    <ClCompile Include="BHOpenAndValidate.cpp">
      <Filter>Source Files</Filter>
    </ClCompile>
    <ClCompile Include="BHHold.cpp">
      <Filter>Source Files</Filter>
    </ClCompile>
    <ClCompile Include="BHReset.cpp">
      <Filter>Source Files</Filter>
    </ClCompile>
    <ClCompile Include="BHReturnAll.cpp">
      <Filter>Source Files</Filter>
    </ClCompile>
    <ClCompile Include="BHReturnOne.cpp">
      <Filter>Source Files</Filter>
    </ClCompile>
    <ClCompile Include="BHSetTime.cpp">
      <Filter>Source Files</Filter>
    </ClCompile>
    <ClCompile Include="BHStartValidation.cpp">
      <Filter>Source Files</Filter>
    </ClCompile>
    <ClCompile Include="BHTransCollect.cpp">
      <Filter>Source Files</Filter>
    </ClCompile>
    <ClCompile Include="BHStopValidation.cpp">
      <Filter>Source Files</Filter>
    </ClCompile>
    <ClCompile Include="BHTransHold.cpp">
      <Filter>Source Files</Filter>
    </ClCompile>
    <ClCompile Include="BHTransReturn.cpp">
      <Filter>Source Files</Filter>
    </ClCompile>
    <ClCompile Include="stdafx.cpp">
      <Filter>Source Files</Filter>
    </ClCompile>
    <ClCompile Include="BHControl.cpp">
      <Filter>Source Files</Filter>
    </ClCompile>
  </ItemGroup>
  <ItemGroup>
    <ClInclude Include="Resource.h">
      <Filter>Header Files</Filter>
    </ClInclude>
    <ClInclude Include="stdafx.h">
      <Filter>Header Files</Filter>
    </ClInclude>
    <ClInclude Include="BHCom.h">
      <Filter>Header Files</Filter>
    </ClInclude>
    <ClInclude Include="BHCommand.h">
      <Filter>Header Files</Filter>
    </ClInclude>
    <ClInclude Include="BHControl.h">
      <Filter>Header Files</Filter>
    </ClInclude>
    <ClInclude Include="BHdef.h">
      <Filter>Header Files</Filter>
    </ClInclude>
    <ClInclude Include="BHException.h">
      <Filter>Header Files</Filter>
    </ClInclude>
    <ClInclude Include="BHExp.h">
      <Filter>Header Files</Filter>
    </ClInclude>
    <ClInclude Include="BHHardwareException.h">
      <Filter>Header Files</Filter>
    </ClInclude>
  </ItemGroup>
  <ItemGroup>
    <None Include="ReadMe.txt" />
    <None Include="BH.def">
      <Filter>Resource Fils</Filter>
    </None>
    <None Include="res\BH.rc2">
      <Filter>Resource Fils</Filter>
    </None>
  </ItemGroup>
  <ItemGroup>
    <Filter Include="Header Files">
      <UniqueIdentifier>{21a5c99f-f74d-490e-a549-a9dc08620681}</UniqueIdentifier>
    </Filter>
    <Filter Include="Source Files">
      <UniqueIdentifier>{3cdeba1d-ec33-4bff-801a-50bd52ee9207}</UniqueIdentifier>
    </Filter>
    <Filter Include="Resource Fils">
      <UniqueIdentifier>{c323ef85-4399-4020-bf19-650aa3d9c467}</UniqueIdentifier>
    </Filter>
  </ItemGroup>
  <ItemGroup>
    <ResourceCompile Include="BH.rc">
      <Filter>Resource Fils</Filter>
    </ResourceCompile>
  </ItemGroup>
</Project>