
Microsoft Visual Studio Solution File, Format Version 11.00
# Visual Studio 2010
Project("{8BC9CEB8-8B4A-11D0-8D11-00A0C91BC942}") = "TVMGDBH", "TVMGDBH.vcxproj", "{68F68178-C64D-4FF7-AB07-DA6408E149B1}"
EndProject
Global
	GlobalSection(SolutionConfigurationPlatforms) = preSolution
		Debug|Win32 = Debug|Win32
		Release|Win32 = Release|Win32
		Template|Win32 = Template|Win32
	EndGlobalSection
	GlobalSection(ProjectConfigurationPlatforms) = postSolution
		{68F68178-C64D-4FF7-AB07-DA6408E149B1}.Debug|Win32.ActiveCfg = Debug|Win32
		{68F68178-C64D-4FF7-AB07-DA6408E149B1}.Debug|Win32.Build.0 = Debug|Win32
		{68F68178-C64D-4FF7-AB07-DA6408E149B1}.Release|Win32.ActiveCfg = Release|Win32
		{68F68178-C64D-4FF7-AB07-DA6408E149B1}.Release|Win32.Build.0 = Release|Win32
		{68F68178-C64D-4FF7-AB07-DA6408E149B1}.Template|Win32.ActiveCfg = Template|Win32
		{68F68178-C64D-4FF7-AB07-DA6408E149B1}.Template|Win32.Build.0 = Template|Win32
	EndGlobalSection
	GlobalSection(SolutionProperties) = preSolution
		HideSolutionNode = FALSE
	EndGlobalSection
EndGlobal
