<?xml version="1.0" encoding="utf-8"?>
<Project ToolsVersion="4.0" xmlns="http://schemas.microsoft.com/developer/msbuild/2003">
  <ItemGroup>
    <Filter Include="Source Files">
      <UniqueIdentifier>{4FC737F1-C7A5-4376-A066-2A32D752A2FF}</UniqueIdentifier>
      <Extensions>cpp;c;cxx;def;odl;idl;hpj;bat;asm;asmx</Extensions>
    </Filter>
    <Filter Include="Header Files">
      <UniqueIdentifier>{93995380-89BD-4b04-88EB-625FBE52EBFB}</UniqueIdentifier>
      <Extensions>h;hpp;hxx;hm;inl;inc;xsd</Extensions>
    </Filter>
    <Filter Include="Resource Files">
      <UniqueIdentifier>{67DA6AB6-F800-4c08-8B7A-83BB121AAD01}</UniqueIdentifier>
      <Extensions>rc;ico;cur;bmp;dlg;rc2;rct;bin;rgs;gif;jpg;jpeg;jpe;resx</Extensions>
    </Filter>
    <Filter Include="Exception">
      <UniqueIdentifier>{3ea7f634-6735-4dbb-a3b6-87b21be45157}</UniqueIdentifier>
    </Filter>
  </ItemGroup>
  <ItemGroup>
    <None Include="ReadMe.txt" />
    <None Include="CH.def">
      <Filter>Source Files</Filter>
    </None>
  </ItemGroup>
  <ItemGroup>
    <ClCompile Include="stdafx.cpp">
      <Filter>Source Files</Filter>
    </ClCompile>
    <ClCompile Include="CH.cpp">
      <Filter>Source Files</Filter>
    </ClCompile>
    <ClCompile Include="CHClose.cpp">
      <Filter>Source Files</Filter>
    </ClCompile>
    <ClCompile Include="CHCom.cpp">
      <Filter>Source Files</Filter>
    </ClCompile>
    <ClCompile Include="CHConnect.cpp">
      <Filter>Source Files</Filter>
    </ClCompile>
    <ClCompile Include="CHHardwareException.cpp">
      <Filter>Exception</Filter>
    </ClCompile>
    <ClCompile Include="CHException.cpp">
      <Filter>Exception</Filter>
    </ClCompile>
    <ClCompile Include="CHGetStatus.cpp">
      <Filter>Source Files</Filter>
    </ClCompile>
    <ClCompile Include="CHReset.cpp">
      <Filter>Source Files</Filter>
    </ClCompile>
    <ClCompile Include="CHAccept.cpp">
      <Filter>Source Files</Filter>
    </ClCompile>
    <ClCompile Include="CHControl.cpp">
      <Filter>Source Files</Filter>
    </ClCompile>
    <ClCompile Include="CHReadReceivs.cpp">
      <Filter>Source Files</Filter>
    </ClCompile>
    <ClCompile Include="CHInit.cpp">
      <Filter>Source Files</Filter>
    </ClCompile>
    <ClCompile Include="CCHStartReceive.cpp">
      <Filter>Source Files</Filter>
    </ClCompile>
    <ClCompile Include="CHSetRejectType.cpp">
      <Filter>Source Files</Filter>
    </ClCompile>
    <ClCompile Include="CHEndReceive.cpp">
      <Filter>Source Files</Filter>
    </ClCompile>
    <ClCompile Include="CHReadReceiveNum.cpp">
      <Filter>Source Files</Filter>
    </ClCompile>
    <ClCompile Include="CHSetCoinNum.cpp">
      <Filter>Source Files</Filter>
    </ClCompile>
    <ClCompile Include="CHRefund.cpp">
      <Filter>Source Files</Filter>
    </ClCompile>
    <ClCompile Include="CHClearCoin.cpp">
      <Filter>Source Files</Filter>
    </ClCompile>
    <ClCompile Include="CHChange.cpp">
      <Filter>Source Files</Filter>
    </ClCompile>
    <ClCompile Include="CHReadRfid.cpp">
      <Filter>Source Files</Filter>
    </ClCompile>
    <ClCompile Include="CHWriteRfid.cpp">
      <Filter>Source Files</Filter>
    </ClCompile>
  </ItemGroup>
  <ItemGroup>
    <ClInclude Include="CHCom.h">
      <Filter>Header Files</Filter>
    </ClInclude>
    <ClInclude Include="CHControl.h">
      <Filter>Header Files</Filter>
    </ClInclude>
    <ClInclude Include="CHdef.h">
      <Filter>Header Files</Filter>
    </ClInclude>
    <ClInclude Include="CHExp.h">
      <Filter>Header Files</Filter>
    </ClInclude>
    <ClInclude Include="Resource.h">
      <Filter>Header Files</Filter>
    </ClInclude>
    <ClInclude Include="stdafx.h">
      <Filter>Header Files</Filter>
    </ClInclude>
    <ClInclude Include="CHException.h">
      <Filter>Exception</Filter>
    </ClInclude>
    <ClInclude Include="CHHardwareException.h">
      <Filter>Exception</Filter>
    </ClInclude>
    <ClInclude Include="CAS002DevDef.h">
      <Filter>Header Files</Filter>
    </ClInclude>
    <ClInclude Include="CAS002DevStruct.h">
      <Filter>Header Files</Filter>
    </ClInclude>
    <ClInclude Include="CAS002LogDev.h">
      <Filter>Header Files</Filter>
    </ClInclude>
    <ClInclude Include="CfgManager.h">
      <Filter>Header Files</Filter>
    </ClInclude>
    <ClInclude Include="CommManager.h">
      <Filter>Header Files</Filter>
    </ClInclude>
    <ClInclude Include="LogServer.h">
      <Filter>Header Files</Filter>
    </ClInclude>
    <ClInclude Include="ODevBase.h">
      <Filter>Header Files</Filter>
    </ClInclude>
    <ClInclude Include="CHCommand.h">
      <Filter>Header Files</Filter>
    </ClInclude>
  </ItemGroup>
</Project>