<?xml version="1.0" encoding="utf-8"?>
<Project ToolsVersion="4.0" xmlns="http://schemas.microsoft.com/developer/msbuild/2003">
  <ItemGroup>
    <Filter Include="Source Files">
      <UniqueIdentifier>{4FC737F1-C7A5-4376-A066-2A32D752A2FF}</UniqueIdentifier>
      <Extensions>cpp;c;cc;cxx;def;odl;idl;hpj;bat;asm;asmx</Extensions>
    </Filter>
    <Filter Include="Header Files">
      <UniqueIdentifier>{93995380-89BD-4b04-88EB-625FBE52EBFB}</UniqueIdentifier>
      <Extensions>h;hpp;hxx;hm;inl;inc;xsd</Extensions>
    </Filter>
    <Filter Include="Resource Files">
      <UniqueIdentifier>{67DA6AB6-F800-4c08-8B7A-83BB121AAD01}</UniqueIdentifier>
      <Extensions>rc;ico;cur;bmp;dlg;rc2;rct;bin;rgs;gif;jpg;jpeg;jpe;resx;tiff;tif;png;wav</Extensions>
    </Filter>
    <Filter Include="Exception">
      <UniqueIdentifier>{ed77a7dd-6806-4a24-9027-b66a42b2e53a}</UniqueIdentifier>
    </Filter>
  </ItemGroup>
  <ItemGroup>
    <ClCompile Include="DatabaseException.cpp">
      <Filter>Exception</Filter>
    </ClCompile>
    <ClCompile Include="CloseCommand.cpp">
      <Filter>Source Files</Filter>
    </ClCompile>
    <ClCompile Include="ConnectCommand.cpp">
      <Filter>Source Files</Filter>
    </ClCompile>
    <ClCompile Include="DataCommand.cpp">
      <Filter>Source Files</Filter>
    </ClCompile>
    <ClCompile Include="DataControl.cpp">
      <Filter>Source Files</Filter>
    </ClCompile>
    <ClCompile Include="NonQueryCommand.cpp">
      <Filter>Source Files</Filter>
    </ClCompile>
    <ClCompile Include="stdafx.cpp">
      <Filter>Source Files</Filter>
    </ClCompile>
  </ItemGroup>
  <ItemGroup>
    <ClInclude Include="BanknoteAcceptRecord.h">
      <Filter>Header Files</Filter>
    </ClInclude>
    <ClInclude Include="BanknoteBoxCashDetail.h">
      <Filter>Header Files</Filter>
    </ClInclude>
    <ClInclude Include="BanknoteBoxInstallOperationRecord.h">
      <Filter>Header Files</Filter>
    </ClInclude>
    <ClInclude Include="BanknoteBoxRemoveOperationRecord.h">
      <Filter>Header Files</Filter>
    </ClInclude>
    <ClInclude Include="BanknoteChangeRecord.h">
      <Filter>Header Files</Filter>
    </ClInclude>
    <ClInclude Include="BanknoteDiscardRecord.h">
      <Filter>Header Files</Filter>
    </ClInclude>
    <ClInclude Include="BanknoteInsertRecord.h">
      <Filter>Header Files</Filter>
    </ClInclude>
    <ClInclude Include="CardBoxInstallOperationRecord.h">
      <Filter>Header Files</Filter>
    </ClInclude>
    <ClInclude Include="CardBoxRemoveOperationRecord.h">
      <Filter>Header Files</Filter>
    </ClInclude>
    <ClInclude Include="CardCollectBoxRemoveOperationRecord.h">
      <Filter>Header Files</Filter>
    </ClInclude>
    <ClInclude Include="CloseCommand.h">
      <Filter>Header Files</Filter>
    </ClInclude>
    <ClInclude Include="CoinAcceptRecord.h">
      <Filter>Header Files</Filter>
    </ClInclude>
    <ClInclude Include="CoinAddOperationRecord.h">
      <Filter>Header Files</Filter>
    </ClInclude>
    <ClInclude Include="CoinBoxCashDetail.h">
      <Filter>Header Files</Filter>
    </ClInclude>
    <ClInclude Include="CoinChangeRecord.h">
      <Filter>Header Files</Filter>
    </ClInclude>
    <ClInclude Include="CoinCollectBoxRemoveOperationRecord.h">
      <Filter>Header Files</Filter>
    </ClInclude>
    <ClInclude Include="CoinCollectOperationRecord.h">
      <Filter>Header Files</Filter>
    </ClInclude>
    <ClInclude Include="CoinInsertRecord.h">
      <Filter>Header Files</Filter>
    </ClInclude>
    <ClInclude Include="ConnectCommand.h">
      <Filter>Header Files</Filter>
    </ClInclude>
    <ClInclude Include="DataCommand.h">
      <Filter>Header Files</Filter>
    </ClInclude>
    <ClInclude Include="DataControl.h">
      <Filter>Header Files</Filter>
    </ClInclude>
    <ClInclude Include="DataExp.h">
      <Filter>Header Files</Filter>
    </ClInclude>
    <ClInclude Include="ExceptionRecord.h">
      <Filter>Header Files</Filter>
    </ClInclude>
    <ClInclude Include="NonQueryCommand.h">
      <Filter>Header Files</Filter>
    </ClInclude>
    <ClInclude Include="QueryCommand.h">
      <Filter>Header Files</Filter>
    </ClInclude>
    <ClInclude Include="stdafx.h">
      <Filter>Header Files</Filter>
    </ClInclude>
    <ClInclude Include="SupplyBatchNo.h">
      <Filter>Header Files</Filter>
    </ClInclude>
    <ClInclude Include="SupplyTime.h">
      <Filter>Header Files</Filter>
    </ClInclude>
    <ClInclude Include="targetver.h">
      <Filter>Header Files</Filter>
    </ClInclude>
    <ClInclude Include="TicketKind.h">
      <Filter>Header Files</Filter>
    </ClInclude>
    <ClInclude Include="TicketOperationRecord.h">
      <Filter>Header Files</Filter>
    </ClInclude>
    <ClInclude Include="TokenBoxAddOperationRecord.h">
      <Filter>Header Files</Filter>
    </ClInclude>
    <ClInclude Include="TokenBoxInstallOperationRecord.h">
      <Filter>Header Files</Filter>
    </ClInclude>
    <ClInclude Include="TokenBoxRemoveOperationRecord.h">
      <Filter>Header Files</Filter>
    </ClInclude>
    <ClInclude Include="TokenCollectBoxRemoveOperationRecord.h">
      <Filter>Header Files</Filter>
    </ClInclude>
    <ClInclude Include="TokenCollectOperationRecord.h">
      <Filter>Header Files</Filter>
    </ClInclude>
    <ClInclude Include="TransactionInfo.h">
      <Filter>Header Files</Filter>
    </ClInclude>
    <ClInclude Include="UpdateCommand.h">
      <Filter>Header Files</Filter>
    </ClInclude>
    <ClInclude Include="DatabaseException.h">
      <Filter>Exception</Filter>
    </ClInclude>
    <ClInclude Include="BanknoteOperationRecord.h">
      <Filter>Header Files</Filter>
    </ClInclude>
    <ClInclude Include="CoinChangeBoxOperationRecord.h">
      <Filter>Header Files</Filter>
    </ClInclude>
  </ItemGroup>
  <ItemGroup>
    <None Include="ReadMe.txt" />
  </ItemGroup>
</Project>